// !$*UTF8*$!
{
	archiveVersion = 1;
	classes = {
	};
	objectVersion = 46;
	objects = {

/* Begin PBXBuildFile section */
		6B45D4A6192E0CF200D75792 /* FacebookSDK.framework in Frameworks */ = {isa = PBXBuildFile; fileRef = 6B45D4A5192E0CF200D75792 /* FacebookSDK.framework */; };
		6BAA02F9192CBC4200891EDF /* Foundation.framework in Frameworks */ = {isa = PBXBuildFile; fileRef = 6BAA02F8192CBC4200891EDF /* Foundation.framework */; };
		6BAA02FB192CBC4200891EDF /* CoreGraphics.framework in Frameworks */ = {isa = PBXBuildFile; fileRef = 6BAA02FA192CBC4200891EDF /* CoreGraphics.framework */; };
		6BAA02FD192CBC4200891EDF /* UIKit.framework in Frameworks */ = {isa = PBXBuildFile; fileRef = 6BAA02FC192CBC4200891EDF /* UIKit.framework */; };
		6BAA0303192CBC4200891EDF /* InfoPlist.strings in Resources */ = {isa = PBXBuildFile; fileRef = 6BAA0301192CBC4200891EDF /* InfoPlist.strings */; };
		6BAA0305192CBC4200891EDF /* main.m in Sources */ = {isa = PBXBuildFile; fileRef = 6BAA0304192CBC4200891EDF /* main.m */; };
		6BAA0309192CBC4200891EDF /* DPBAppDelegate.m in Sources */ = {isa = PBXBuildFile; fileRef = 6BAA0308192CBC4200891EDF /* DPBAppDelegate.m */; };
		6BAA030C192CBC4200891EDF /* Main.storyboard in Resources */ = {isa = PBXBuildFile; fileRef = 6BAA030A192CBC4200891EDF /* Main.storyboard */; };
		6BAA0311192CBC4200891EDF /* Images.xcassets in Resources */ = {isa = PBXBuildFile; fileRef = 6BAA0310192CBC4200891EDF /* Images.xcassets */; };
		6BAA0318192CBC4200891EDF /* XCTest.framework in Frameworks */ = {isa = PBXBuildFile; fileRef = 6BAA0317192CBC4200891EDF /* XCTest.framework */; };
		6BAA0319192CBC4200891EDF /* Foundation.framework in Frameworks */ = {isa = PBXBuildFile; fileRef = 6BAA02F8192CBC4200891EDF /* Foundation.framework */; };
		6BAA031A192CBC4200891EDF /* UIKit.framework in Frameworks */ = {isa = PBXBuildFile; fileRef = 6BAA02FC192CBC4200891EDF /* UIKit.framework */; };
		6BAA0322192CBC4200891EDF /* InfoPlist.strings in Resources */ = {isa = PBXBuildFile; fileRef = 6BAA0320192CBC4200891EDF /* InfoPlist.strings */; };
		6BAA0324192CBC4200891EDF /* DPBFacebookLoginTests.m in Sources */ = {isa = PBXBuildFile; fileRef = 6BAA0323192CBC4200891EDF /* DPBFacebookLoginTests.m */; };
		6BAA0334192CC09A00891EDF /* DPBUserProfileViewController.m in Sources */ = {isa = PBXBuildFile; fileRef = 6BAA0333192CC09A00891EDF /* DPBUserProfileViewController.m */; };
		6BAA0337192CC17500891EDF /* DPBLoginViewController.m in Sources */ = {isa = PBXBuildFile; fileRef = 6BAA0336192CC17500891EDF /* DPBLoginViewController.m */; };
/* End PBXBuildFile section */

/* Begin PBXContainerItemProxy section */
		6BAA031B192CBC4200891EDF /* PBXContainerItemProxy */ = {
			isa = PBXContainerItemProxy;
			containerPortal = 6BAA02ED192CBC4200891EDF /* Project object */;
			proxyType = 1;
			remoteGlobalIDString = 6BAA02F4192CBC4200891EDF;
			remoteInfo = DPBFacebookLogin;
		};
/* End PBXContainerItemProxy section */

/* Begin PBXFileReference section */
		6B45D4A5192E0CF200D75792 /* FacebookSDK.framework */ = {isa = PBXFileReference; lastKnownFileType = wrapper.framework; path = FacebookSDK.framework; sourceTree = "<group>"; };
		6BAA02F5192CBC4200891EDF /* DPBFacebookLogin.app */ = {isa = PBXFileReference; explicitFileType = wrapper.application; includeInIndex = 0; path = DPBFacebookLogin.app; sourceTree = BUILT_PRODUCTS_DIR; };
		6BAA02F8192CBC4200891EDF /* Foundation.framework */ = {isa = PBXFileReference; lastKnownFileType = wrapper.framework; name = Foundation.framework; path = System/Library/Frameworks/Foundation.framework; sourceTree = SDKROOT; };
		6BAA02FA192CBC4200891EDF /* CoreGraphics.framework */ = {isa = PBXFileReference; lastKnownFileType = wrapper.framework; name = CoreGraphics.framework; path = System/Library/Frameworks/CoreGraphics.framework; sourceTree = SDKROOT; };
		6BAA02FC192CBC4200891EDF /* UIKit.framework */ = {isa = PBXFileReference; lastKnownFileType = wrapper.framework; name = UIKit.framework; path = System/Library/Frameworks/UIKit.framework; sourceTree = SDKROOT; };
		6BAA0300192CBC4200891EDF /* DPBFacebookLogin-Info.plist */ = {isa = PBXFileReference; lastKnownFileType = text.plist.xml; path = "DPBFacebookLogin-Info.plist"; sourceTree = "<group>"; };
		6BAA0302192CBC4200891EDF /* en */ = {isa = PBXFileReference; lastKnownFileType = text.plist.strings; name = en; path = en.lproj/InfoPlist.strings; sourceTree = "<group>"; };
		6BAA0304192CBC4200891EDF /* main.m */ = {isa = PBXFileReference; lastKnownFileType = sourcecode.c.objc; path = main.m; sourceTree = "<group>"; };
		6BAA0306192CBC4200891EDF /* DPBFacebookLogin-Prefix.pch */ = {isa = PBXFileReference; lastKnownFileType = sourcecode.c.h; path = "DPBFacebookLogin-Prefix.pch"; sourceTree = "<group>"; };
		6BAA0307192CBC4200891EDF /* DPBAppDelegate.h */ = {isa = PBXFileReference; lastKnownFileType = sourcecode.c.h; path = DPBAppDelegate.h; sourceTree = "<group>"; };
		6BAA0308192CBC4200891EDF /* DPBAppDelegate.m */ = {isa = PBXFileReference; lastKnownFileType = sourcecode.c.objc; path = DPBAppDelegate.m; sourceTree = "<group>"; };
		6BAA030B192CBC4200891EDF /* Base */ = {isa = PBXFileReference; lastKnownFileType = file.storyboard; name = Base; path = Base.lproj/Main.storyboard; sourceTree = "<group>"; };
		6BAA0310192CBC4200891EDF /* Images.xcassets */ = {isa = PBXFileReference; lastKnownFileType = folder.assetcatalog; path = Images.xcassets; sourceTree = "<group>"; };
		6BAA0316192CBC4200891EDF /* DPBFacebookLoginTests.xctest */ = {isa = PBXFileReference; explicitFileType = wrapper.cfbundle; includeInIndex = 0; path = DPBFacebookLoginTests.xctest; sourceTree = BUILT_PRODUCTS_DIR; };
		6BAA0317192CBC4200891EDF /* XCTest.framework */ = {isa = PBXFileReference; lastKnownFileType = wrapper.framework; name = XCTest.framework; path = Library/Frameworks/XCTest.framework; sourceTree = DEVELOPER_DIR; };
		6BAA031F192CBC4200891EDF /* DPBFacebookLoginTests-Info.plist */ = {isa = PBXFileReference; lastKnownFileType = text.plist.xml; path = "DPBFacebookLoginTests-Info.plist"; sourceTree = "<group>"; };
		6BAA0321192CBC4200891EDF /* en */ = {isa = PBXFileReference; lastKnownFileType = text.plist.strings; name = en; path = en.lproj/InfoPlist.strings; sourceTree = "<group>"; };
		6BAA0323192CBC4200891EDF /* DPBFacebookLoginTests.m */ = {isa = PBXFileReference; lastKnownFileType = sourcecode.c.objc; path = DPBFacebookLoginTests.m; sourceTree = "<group>"; };
		6BAA0332192CC09A00891EDF /* DPBUserProfileViewController.h */ = {isa = PBXFileReference; fileEncoding = 4; lastKnownFileType = sourcecode.c.h; path = DPBUserProfileViewController.h; sourceTree = "<group>"; };
		6BAA0333192CC09A00891EDF /* DPBUserProfileViewController.m */ = {isa = PBXFileReference; fileEncoding = 4; lastKnownFileType = sourcecode.c.objc; path = DPBUserProfileViewController.m; sourceTree = "<group>"; };
		6BAA0335192CC17500891EDF /* DPBLoginViewController.h */ = {isa = PBXFileReference; fileEncoding = 4; lastKnownFileType = sourcecode.c.h; path = DPBLoginViewController.h; sourceTree = "<group>"; };
		6BAA0336192CC17500891EDF /* DPBLoginViewController.m */ = {isa = PBXFileReference; fileEncoding = 4; lastKnownFileType = sourcecode.c.objc; path = DPBLoginViewController.m; sourceTree = "<group>"; };
/* End PBXFileReference section */

/* Begin PBXFrameworksBuildPhase section */
		6BAA02F2192CBC4200891EDF /* Frameworks */ = {
			isa = PBXFrameworksBuildPhase;
			buildActionMask = 2147483647;
			files = (
				6BAA02FB192CBC4200891EDF /* CoreGraphics.framework in Frameworks */,
				6B45D4A6192E0CF200D75792 /* FacebookSDK.framework in Frameworks */,
				6BAA02FD192CBC4200891EDF /* UIKit.framework in Frameworks */,
				6BAA02F9192CBC4200891EDF /* Foundation.framework in Frameworks */,
			);
			runOnlyForDeploymentPostprocessing = 0;
		};
		6BAA0313192CBC4200891EDF /* Frameworks */ = {
			isa = PBXFrameworksBuildPhase;
			buildActionMask = 2147483647;
			files = (
				6BAA0318192CBC4200891EDF /* XCTest.framework in Frameworks */,
				6BAA031A192CBC4200891EDF /* UIKit.framework in Frameworks */,
				6BAA0319192CBC4200891EDF /* Foundation.framework in Frameworks */,
			);
			runOnlyForDeploymentPostprocessing = 0;
		};
/* End PBXFrameworksBuildPhase section */

/* Begin PBXGroup section */
		6BAA02EC192CBC4200891EDF = {
			isa = PBXGroup;
			children = (
				6BAA02FE192CBC4200891EDF /* DPBFacebookLogin */,
				6BAA031D192CBC4200891EDF /* DPBFacebookLoginTests */,
				6BAA02F7192CBC4200891EDF /* Frameworks */,
				6BAA02F6192CBC4200891EDF /* Products */,
			);
			sourceTree = "<group>";
		};
		6BAA02F6192CBC4200891EDF /* Products */ = {
			isa = PBXGroup;
			children = (
				6BAA02F5192CBC4200891EDF /* DPBFacebookLogin.app */,
				6BAA0316192CBC4200891EDF /* DPBFacebookLoginTests.xctest */,
			);
			name = Products;
			sourceTree = "<group>";
		};
		6BAA02F7192CBC4200891EDF /* Frameworks */ = {
			isa = PBXGroup;
			children = (
				6B45D4A5192E0CF200D75792 /* FacebookSDK.framework */,
				6BAA02F8192CBC4200891EDF /* Foundation.framework */,
				6BAA02FA192CBC4200891EDF /* CoreGraphics.framework */,
				6BAA02FC192CBC4200891EDF /* UIKit.framework */,
				6BAA0317192CBC4200891EDF /* XCTest.framework */,
			);
			name = Frameworks;
			sourceTree = "<group>";
		};
		6BAA02FE192CBC4200891EDF /* DPBFacebookLogin */ = {
			isa = PBXGroup;
			children = (
				6BAA0307192CBC4200891EDF /* DPBAppDelegate.h */,
				6BAA0308192CBC4200891EDF /* DPBAppDelegate.m */,
				6BAA0335192CC17500891EDF /* DPBLoginViewController.h */,
				6BAA0336192CC17500891EDF /* DPBLoginViewController.m */,
				6BAA0332192CC09A00891EDF /* DPBUserProfileViewController.h */,
				6BAA0333192CC09A00891EDF /* DPBUserProfileViewController.m */,
				6BAA030A192CBC4200891EDF /* Main.storyboard */,
				6BAA0310192CBC4200891EDF /* Images.xcassets */,
				6BAA02FF192CBC4200891EDF /* Supporting Files */,
			);
			path = DPBFacebookLogin;
			sourceTree = "<group>";
		};
		6BAA02FF192CBC4200891EDF /* Supporting Files */ = {
			isa = PBXGroup;
			children = (
				6BAA0300192CBC4200891EDF /* DPBFacebookLogin-Info.plist */,
				6BAA0301192CBC4200891EDF /* InfoPlist.strings */,
				6BAA0304192CBC4200891EDF /* main.m */,
				6BAA0306192CBC4200891EDF /* DPBFacebookLogin-Prefix.pch */,
			);
			name = "Supporting Files";
			sourceTree = "<group>";
		};
		6BAA031D192CBC4200891EDF /* DPBFacebookLoginTests */ = {
			isa = PBXGroup;
			children = (
				6BAA0323192CBC4200891EDF /* DPBFacebookLoginTests.m */,
				6BAA031E192CBC4200891EDF /* Supporting Files */,
			);
			path = DPBFacebookLoginTests;
			sourceTree = "<group>";
		};
		6BAA031E192CBC4200891EDF /* Supporting Files */ = {
			isa = PBXGroup;
			children = (
				6BAA031F192CBC4200891EDF /* DPBFacebookLoginTests-Info.plist */,
				6BAA0320192CBC4200891EDF /* InfoPlist.strings */,
			);
			name = "Supporting Files";
			sourceTree = "<group>";
		};
/* End PBXGroup section */

/* Begin PBXNativeTarget section */
		6BAA02F4192CBC4200891EDF /* DPBFacebookLogin */ = {
			isa = PBXNativeTarget;
			buildConfigurationList = 6BAA0327192CBC4200891EDF /* Build configuration list for PBXNativeTarget "DPBFacebookLogin" */;
			buildPhases = (
				6BAA02F1192CBC4200891EDF /* Sources */,
				6BAA02F2192CBC4200891EDF /* Frameworks */,
				6BAA02F3192CBC4200891EDF /* Resources */,
			);
			buildRules = (
			);
			dependencies = (
			);
			name = DPBFacebookLogin;
			productName = DPBFacebookLogin;
			productReference = 6BAA02F5192CBC4200891EDF /* DPBFacebookLogin.app */;
			productType = "com.apple.product-type.application";
		};
		6BAA0315192CBC4200891EDF /* DPBFacebookLoginTests */ = {
			isa = PBXNativeTarget;
			buildConfigurationList = 6BAA032A192CBC4200891EDF /* Build configuration list for PBXNativeTarget "DPBFacebookLoginTests" */;
			buildPhases = (
				6BAA0312192CBC4200891EDF /* Sources */,
				6BAA0313192CBC4200891EDF /* Frameworks */,
				6BAA0314192CBC4200891EDF /* Resources */,
			);
			buildRules = (
			);
			dependencies = (
				6BAA031C192CBC4200891EDF /* PBXTargetDependency */,
			);
			name = DPBFacebookLoginTests;
			productName = DPBFacebookLoginTests;
			productReference = 6BAA0316192CBC4200891EDF /* DPBFacebookLoginTests.xctest */;
			productType = "com.apple.product-type.bundle.unit-test";
		};
/* End PBXNativeTarget section */

/* Begin PBXProject section */
		6BAA02ED192CBC4200891EDF /* Project object */ = {
			isa = PBXProject;
			attributes = {
				CLASSPREFIX = DPB;
				LastUpgradeCheck = 0510;
				ORGANIZATIONNAME = "David Pedrosa Bataller";
				TargetAttributes = {
					6BAA0315192CBC4200891EDF = {
						TestTargetID = 6BAA02F4192CBC4200891EDF;
					};
				};
			};
			buildConfigurationList = 6BAA02F0192CBC4200891EDF /* Build configuration list for PBXProject "DPBFacebookLogin" */;
			compatibilityVersion = "Xcode 3.2";
			developmentRegion = English;
			hasScannedForEncodings = 0;
			knownRegions = (
				en,
				Base,
			);
			mainGroup = 6BAA02EC192CBC4200891EDF;
			productRefGroup = 6BAA02F6192CBC4200891EDF /* Products */;
			projectDirPath = "";
			projectRoot = "";
			targets = (
				6BAA02F4192CBC4200891EDF /* DPBFacebookLogin */,
				6BAA0315192CBC4200891EDF /* DPBFacebookLoginTests */,
			);
		};
/* End PBXProject section */

/* Begin PBXResourcesBuildPhase section */
		6BAA02F3192CBC4200891EDF /* Resources */ = {
			isa = PBXResourcesBuildPhase;
			buildActionMask = 2147483647;
			files = (
				6BAA0311192CBC4200891EDF /* Images.xcassets in Resources */,
				6BAA0303192CBC4200891EDF /* InfoPlist.strings in Resources */,
				6BAA030C192CBC4200891EDF /* Main.storyboard in Resources */,
			);
			runOnlyForDeploymentPostprocessing = 0;
		};
		6BAA0314192CBC4200891EDF /* Resources */ = {
			isa = PBXResourcesBuildPhase;
			buildActionMask = 2147483647;
			files = (
				6BAA0322192CBC4200891EDF /* InfoPlist.strings in Resources */,
			);
			runOnlyForDeploymentPostprocessing = 0;
		};
/* End PBXResourcesBuildPhase section */

/* Begin PBXSourcesBuildPhase section */
		6BAA02F1192CBC4200891EDF /* Sources */ = {
			isa = PBXSourcesBuildPhase;
			buildActionMask = 2147483647;
			files = (
				6BAA0305192CBC4200891EDF /* main.m in Sources */,
				6BAA0337192CC17500891EDF /* DPBLoginViewController.m in Sources */,
				6BAA0309192CBC4200891EDF /* DPBAppDelegate.m in Sources */,
				6BAA0334192CC09A00891EDF /* DPBUserProfileViewController.m in Sources */,
			);
			runOnlyForDeploymentPostprocessing = 0;
		};
		6BAA0312192CBC4200891EDF /* Sources */ = {
			isa = PBXSourcesBuildPhase;
			buildActionMask = 2147483647;
			files = (
				6BAA0324192CBC4200891EDF /* DPBFacebookLoginTests.m in Sources */,
			);
			runOnlyForDeploymentPostprocessing = 0;
		};
/* End PBXSourcesBuildPhase section */

/* Begin PBXTargetDependency section */
		6BAA031C192CBC4200891EDF /* PBXTargetDependency */ = {
			isa = PBXTargetDependency;
			target = 6BAA02F4192CBC4200891EDF /* DPBFacebookLogin */;
			targetProxy = 6BAA031B192CBC4200891EDF /* PBXContainerItemProxy */;
		};
/* End PBXTargetDependency section */

/* Begin PBXVariantGroup section */
		6BAA0301192CBC4200891EDF /* InfoPlist.strings */ = {
			isa = PBXVariantGroup;
			children = (
				6BAA0302192CBC4200891EDF /* en */,
			);
			name = InfoPlist.strings;
			sourceTree = "<group>";
		};
		6BAA030A192CBC4200891EDF /* Main.storyboard */ = {
			isa = PBXVariantGroup;
			children = (
				6BAA030B192CBC4200891EDF /* Base */,
			);
			name = Main.storyboard;
			sourceTree = "<group>";
		};
		6BAA0320192CBC4200891EDF /* InfoPlist.strings */ = {
			isa = PBXVariantGroup;
			children = (
				6BAA0321192CBC4200891EDF /* en */,
			);
			name = InfoPlist.strings;
			sourceTree = "<group>";
		};
/* End PBXVariantGroup section */

/* Begin XCBuildConfiguration section */
		6BAA0325192CBC4200891EDF /* Debug */ = {
			isa = XCBuildConfiguration;
			buildSettings = {
				ALWAYS_SEARCH_USER_PATHS = NO;
				CLANG_CXX_LANGUAGE_STANDARD = "gnu++0x";
				CLANG_CXX_LIBRARY = "libc++";
				CLANG_ENABLE_MODULES = YES;
				CLANG_ENABLE_OBJC_ARC = YES;
				CLANG_WARN_BOOL_CONVERSION = YES;
				CLANG_WARN_CONSTANT_CONVERSION = YES;
				CLANG_WARN_DIRECT_OBJC_ISA_USAGE = YES_ERROR;
				CLANG_WARN_EMPTY_BODY = YES;
				CLANG_WARN_ENUM_CONVERSION = YES;
				CLANG_WARN_INT_CONVERSION = YES;
				CLANG_WARN_OBJC_ROOT_CLASS = YES_ERROR;
				CLANG_WARN__DUPLICATE_METHOD_MATCH = YES;
				"CODE_SIGN_IDENTITY[sdk=iphoneos*]" = "iPhone Developer";
				COPY_PHASE_STRIP = NO;
				GCC_C_LANGUAGE_STANDARD = gnu99;
				GCC_DYNAMIC_NO_PIC = NO;
				GCC_OPTIMIZATION_LEVEL = 0;
				GCC_PREPROCESSOR_DEFINITIONS = (
					"DEBUG=1",
					"$(inherited)",
				);
				GCC_SYMBOLS_PRIVATE_EXTERN = NO;
				GCC_WARN_64_TO_32_BIT_CONVERSION = YES;
				GCC_WARN_ABOUT_RETURN_TYPE = YES_ERROR;
				GCC_WARN_UNDECLARED_SELECTOR = YES;
				GCC_WARN_UNINITIALIZED_AUTOS = YES_AGGRESSIVE;
				GCC_WARN_UNUSED_FUNCTION = YES;
				GCC_WARN_UNUSED_VARIABLE = YES;
				IPHONEOS_DEPLOYMENT_TARGET = 7.1;
				ONLY_ACTIVE_ARCH = YES;
				SDKROOT = iphoneos;
			};
			name = Debug;
		};
		6BAA0326192CBC4200891EDF /* Release */ = {
			isa = XCBuildConfiguration;
			buildSettings = {
				ALWAYS_SEARCH_USER_PATHS = NO;
				CLANG_CXX_LANGUAGE_STANDARD = "gnu++0x";
				CLANG_CXX_LIBRARY = "libc++";
				CLANG_ENABLE_MODULES = YES;
				CLANG_ENABLE_OBJC_ARC = YES;
				CLANG_WARN_BOOL_CONVERSION = YES;
				CLANG_WARN_CONSTANT_CONVERSION = YES;
				CLANG_WARN_DIRECT_OBJC_ISA_USAGE = YES_ERROR;
				CLANG_WARN_EMPTY_BODY = YES;
				CLANG_WARN_ENUM_CONVERSION = YES;
				CLANG_WARN_INT_CONVERSION = YES;
				CLANG_WARN_OBJC_ROOT_CLASS = YES_ERROR;
				CLANG_WARN__DUPLICATE_METHOD_MATCH = YES;
				"CODE_SIGN_IDENTITY[sdk=iphoneos*]" = "iPhone Developer";
				COPY_PHASE_STRIP = YES;
				ENABLE_NS_ASSERTIONS = NO;
				GCC_C_LANGUAGE_STANDARD = gnu99;
				GCC_WARN_64_TO_32_BIT_CONVERSION = YES;
				GCC_WARN_ABOUT_RETURN_TYPE = YES_ERROR;
				GCC_WARN_UNDECLARED_SELECTOR = YES;
				GCC_WARN_UNINITIALIZED_AUTOS = YES_AGGRESSIVE;
				GCC_WARN_UNUSED_FUNCTION = YES;
				GCC_WARN_UNUSED_VARIABLE = YES;
				IPHONEOS_DEPLOYMENT_TARGET = 7.1;
				SDKROOT = iphoneos;
				VALIDATE_PRODUCT = YES;
			};
			name = Release;
		};
		6BAA0328192CBC4200891EDF /* Debug */ = {
			isa = XCBuildConfiguration;
			buildSettings = {
				ASSETCATALOG_COMPILER_APPICON_NAME = AppIcon;
				ASSETCATALOG_COMPILER_LAUNCHIMAGE_NAME = LaunchImage;
				FRAMEWORK_SEARCH_PATHS = (
					"$(inherited)",
					/Users/dpbataller/Documents/FacebookSDK,
					"$(PROJECT_DIR)",
				);
				GCC_PRECOMPILE_PREFIX_HEADER = YES;
				GCC_PREFIX_HEADER = "DPBFacebookLogin/DPBFacebookLogin-Prefix.pch";
				INFOPLIST_FILE = "DPBFacebookLogin/DPBFacebookLogin-Info.plist";
				PRODUCT_NAME = "$(TARGET_NAME)";
				WRAPPER_EXTENSION = app;
			};
			name = Debug;
		};
		6BAA0329192CBC4200891EDF /* Release */ = {
			isa = XCBuildConfiguration;
			buildSettings = {
				ASSETCATALOG_COMPILER_APPICON_NAME = AppIcon;
				ASSETCATALOG_COMPILER_LAUNCHIMAGE_NAME = LaunchImage;
				FRAMEWORK_SEARCH_PATHS = (
					"$(inherited)",
					/Users/dpbataller/Documents/FacebookSDK,
					"$(PROJECT_DIR)",
				);
				GCC_PRECOMPILE_PREFIX_HEADER = YES;
				GCC_PREFIX_HEADER = "DPBFacebookLogin/DPBFacebookLogin-Prefix.pch";
				INFOPLIST_FILE = "DPBFacebookLogin/DPBFacebookLogin-Info.plist";
				PRODUCT_NAME = "$(TARGET_NAME)";
				WRAPPER_EXTENSION = app;
			};
			name = Release;
		};
		6BAA032B192CBC4200891EDF /* Debug */ = {
			isa = XCBuildConfiguration;
			buildSettings = {
				BUNDLE_LOADER = "$(BUILT_PRODUCTS_DIR)/DPBFacebookLogin.app/DPBFacebookLogin";
				FRAMEWORK_SEARCH_PATHS = (
					"$(SDKROOT)/Developer/Library/Frameworks",
					"$(inherited)",
					"$(DEVELOPER_FRAMEWORKS_DIR)",
				);
				GCC_PRECOMPILE_PREFIX_HEADER = YES;
				GCC_PREFIX_HEADER = "DPBFacebookLogin/DPBFacebookLogin-Prefix.pch";
				GCC_PREPROCESSOR_DEFINITIONS = (
					"DEBUG=1",
					"$(inherited)",
				);
				INFOPLIST_FILE = "DPBFacebookLoginTests/DPBFacebookLoginTests-Info.plist";
				PRODUCT_NAME = "$(TARGET_NAME)";
				TEST_HOST = "$(BUNDLE_LOADER)";
				WRAPPER_EXTENSION = xctest;
			};
			name = Debug;
		};
		6BAA032C192CBC4200891EDF /* Release */ = {
			isa = XCBuildConfiguration;
			buildSettings = {
				BUNDLE_LOADER = "$(BUILT_PRODUCTS_DIR)/DPBFacebookLogin.app/DPBFacebookLogin";
				FRAMEWORK_SEARCH_PATHS = (
					"$(SDKROOT)/Developer/Library/Frameworks",
					"$(inherited)",
					"$(DEVELOPER_FRAMEWORKS_DIR)",
				);
				GCC_PRECOMPILE_PREFIX_HEADER = YES;
				GCC_PREFIX_HEADER = "DPBFacebookLogin/DPBFacebookLogin-Prefix.pch";
				INFOPLIST_FILE = "DPBFacebookLoginTests/DPBFacebookLoginTests-Info.plist";
				PRODUCT_NAME = "$(TARGET_NAME)";
				TEST_HOST = "$(BUNDLE_LOADER)";
				WRAPPER_EXTENSION = xctest;
			};
			name = Release;
		};
/* End XCBuildConfiguration section */

/* Begin XCConfigurationList section */
		6BAA02F0192CBC4200891EDF /* Build configuration list for PBXProject "DPBFacebookLogin" */ = {
			isa = XCConfigurationList;
			buildConfigurations = (
				6BAA0325192CBC4200891EDF /* Debug */,
				6BAA0326192CBC4200891EDF /* Release */,
			);
			defaultConfigurationIsVisible = 0;
			defaultConfigurationName = Release;
		};
		6BAA0327192CBC4200891EDF /* Build configuration list for PBXNativeTarget "DPBFacebookLogin" */ = {
			isa = XCConfigurationList;
			buildConfigurations = (
				6BAA0328192CBC4200891EDF /* Debug */,
				6BAA0329192CBC4200891EDF /* Release */,
			);
			defaultConfigurationIsVisible = 0;
			defaultConfigurationName = Release;
		};
		6BAA032A192CBC4200891EDF /* Build configuration list for PBXNativeTarget "DPBFacebookLoginTests" */ = {
			isa = XCConfigurationList;
			buildConfigurations = (
				6BAA032B192CBC4200891EDF /* Debug */,
				6BAA032C192CBC4200891EDF /* Release */,
			);
			defaultConfigurationIsVisible = 0;
			defaultConfigurationName = Release;
		};
/* End XCConfigurationList section */
	};
	rootObject = 6BAA02ED192CBC4200891EDF /* Project object */;
}
